// !$*UTF8*$!
{
	archiveVersion = 1;
	classes = {
	};
	objectVersion = 46;
	objects = {

/* Begin PBXBuildFile section */
		DD7D34941596F65700F742ED /* UIKit.framework in Frameworks */ = {isa = PBXBuildFile; fileRef = DD7D34931596F65700F742ED /* UIKit.framework */; };
		DD7D34961596F65700F742ED /* Foundation.framework in Frameworks */ = {isa = PBXBuildFile; fileRef = DD7D34951596F65700F742ED /* Foundation.framework */; };
		DD7D34981596F65700F742ED /* CoreGraphics.framework in Frameworks */ = {isa = PBXBuildFile; fileRef = DD7D34971596F65700F742ED /* CoreGraphics.framework */; };
		DD7D349E1596F65700F742ED /* InfoPlist.strings in Resources */ = {isa = PBXBuildFile; fileRef = DD7D349C1596F65700F742ED /* InfoPlist.strings */; };
		DD7D34A01596F65700F742ED /* main.m in Sources */ = {isa = PBXBuildFile; fileRef = DD7D349F1596F65700F742ED /* main.m */; };
		DD7D34B21596F65700F742ED /* SenTestingKit.framework in Frameworks */ = {isa = PBXBuildFile; fileRef = DD7D34B11596F65700F742ED /* SenTestingKit.framework */; };
		DD7D34B31596F65700F742ED /* UIKit.framework in Frameworks */ = {isa = PBXBuildFile; fileRef = DD7D34931596F65700F742ED /* UIKit.framework */; };
		DD7D34B41596F65700F742ED /* Foundation.framework in Frameworks */ = {isa = PBXBuildFile; fileRef = DD7D34951596F65700F742ED /* Foundation.framework */; };
		DD7D34BC1596F65700F742ED /* InfoPlist.strings in Resources */ = {isa = PBXBuildFile; fileRef = DD7D34BA1596F65700F742ED /* InfoPlist.strings */; };
		DD7D34CF1596F68200F742ED /* ZHUThemeMgr.m in Sources */ = {isa = PBXBuildFile; fileRef = DD7D34CC1596F68200F742ED /* ZHUThemeMgr.m */; };
		DD7D34D01596F68200F742ED /* ZHUThemeMgr.m in Sources */ = {isa = PBXBuildFile; fileRef = DD7D34CC1596F68200F742ED /* ZHUThemeMgr.m */; };
		DD7D34D11596F68200F742ED /* ZHUConfigMgr.m in Sources */ = {isa = PBXBuildFile; fileRef = DD7D34CE1596F68200F742ED /* ZHUConfigMgr.m */; };
		DD7D34D21596F68200F742ED /* ZHUConfigMgr.m in Sources */ = {isa = PBXBuildFile; fileRef = DD7D34CE1596F68200F742ED /* ZHUConfigMgr.m */; };
		DD7D34D81596F6B400F742ED /* ZHUWindow.m in Sources */ = {isa = PBXBuildFile; fileRef = DD7D34D51596F6B400F742ED /* ZHUWindow.m */; };
		DD7D34D91596F6B400F742ED /* ZHUWindow.m in Sources */ = {isa = PBXBuildFile; fileRef = DD7D34D51596F6B400F742ED /* ZHUWindow.m */; };
		DD7D34DA1596F6B400F742ED /* ZHUToolBar.m in Sources */ = {isa = PBXBuildFile; fileRef = DD7D34D71596F6B400F742ED /* ZHUToolBar.m */; };
		DD7D34DB1596F6B400F742ED /* ZHUToolBar.m in Sources */ = {isa = PBXBuildFile; fileRef = DD7D34D71596F6B400F742ED /* ZHUToolBar.m */; };
		DD7D34E41596F6DA00F742ED /* ZHUAppDelegate.m in Sources */ = {isa = PBXBuildFile; fileRef = DD7D34DD1596F6DA00F742ED /* ZHUAppDelegate.m */; };
		DD7D34E51596F6DA00F742ED /* ZHUAppDelegate.m in Sources */ = {isa = PBXBuildFile; fileRef = DD7D34DD1596F6DA00F742ED /* ZHUAppDelegate.m */; };
		DD7D34E61596F6DA00F742ED /* ZHUViewController.m in Sources */ = {isa = PBXBuildFile; fileRef = DD7D34DF1596F6DA00F742ED /* ZHUViewController.m */; };
		DD7D34E71596F6DA00F742ED /* ZHUViewController.m in Sources */ = {isa = PBXBuildFile; fileRef = DD7D34DF1596F6DA00F742ED /* ZHUViewController.m */; };
		DD7D34E81596F6DA00F742ED /* ZHUViewController.xib in Resources */ = {isa = PBXBuildFile; fileRef = DD7D34E01596F6DA00F742ED /* ZHUViewController.xib */; };
		DD7D34E91596F6DA00F742ED /* ZHUViewController.xib in Resources */ = {isa = PBXBuildFile; fileRef = DD7D34E01596F6DA00F742ED /* ZHUViewController.xib */; };
		DD7D34EA1596F6DA00F742ED /* ZHUTableViewController.m in Sources */ = {isa = PBXBuildFile; fileRef = DD7D34E21596F6DA00F742ED /* ZHUTableViewController.m */; };
		DD7D34EB1596F6DA00F742ED /* ZHUTableViewController.m in Sources */ = {isa = PBXBuildFile; fileRef = DD7D34E21596F6DA00F742ED /* ZHUTableViewController.m */; };
		DD7D34EC1596F6DA00F742ED /* ZHUTableViewController.xib in Resources */ = {isa = PBXBuildFile; fileRef = DD7D34E31596F6DA00F742ED /* ZHUTableViewController.xib */; };
		DD7D34ED1596F6DA00F742ED /* ZHUTableViewController.xib in Resources */ = {isa = PBXBuildFile; fileRef = DD7D34E31596F6DA00F742ED /* ZHUTableViewController.xib */; };
		DD7D36451596F6ED00F742ED /* themes.plist in Resources */ = {isa = PBXBuildFile; fileRef = DD7D34EE1596F6EC00F742ED /* themes.plist */; };
		DD7D36461596F6ED00F742ED /* themes.plist in Resources */ = {isa = PBXBuildFile; fileRef = DD7D34EE1596F6EC00F742ED /* themes.plist */; };
		DD7D38E61596F73C00F742ED /* Theme in Resources */ = {isa = PBXBuildFile; fileRef = DD7D38E51596F73C00F742ED /* Theme */; };
		DD7D38E71596F73C00F742ED /* Theme in Resources */ = {isa = PBXBuildFile; fileRef = DD7D38E51596F73C00F742ED /* Theme */; };
		DD7D38EA1596F7A600F742ED /* zhuTests.m in Sources */ = {isa = PBXBuildFile; fileRef = DD7D38E91596F7A600F742ED /* zhuTests.m */; };
/* End PBXBuildFile section */

/* Begin PBXContainerItemProxy section */
		DD7D34B51596F65700F742ED /* PBXContainerItemProxy */ = {
			isa = PBXContainerItemProxy;
			containerPortal = DD7D34861596F65700F742ED /* Project object */;
			proxyType = 1;
			remoteGlobalIDString = DD7D348E1596F65700F742ED;
			remoteInfo = zhuContact;
		};
/* End PBXContainerItemProxy section */

/* Begin PBXFileReference section */
		DD7D348F1596F65700F742ED /* zhuTheme.app */ = {isa = PBXFileReference; explicitFileType = wrapper.application; includeInIndex = 0; path = zhuTheme.app; sourceTree = BUILT_PRODUCTS_DIR; };
		DD7D34931596F65700F742ED /* UIKit.framework */ = {isa = PBXFileReference; lastKnownFileType = wrapper.framework; name = UIKit.framework; path = System/Library/Frameworks/UIKit.framework; sourceTree = SDKROOT; };
		DD7D34951596F65700F742ED /* Foundation.framework */ = {isa = PBXFileReference; lastKnownFileType = wrapper.framework; name = Foundation.framework; path = System/Library/Frameworks/Foundation.framework; sourceTree = SDKROOT; };
		DD7D34971596F65700F742ED /* CoreGraphics.framework */ = {isa = PBXFileReference; lastKnownFileType = wrapper.framework; name = CoreGraphics.framework; path = System/Library/Frameworks/CoreGraphics.framework; sourceTree = SDKROOT; };
		DD7D349B1596F65700F742ED /* zhuTheme-Info.plist */ = {isa = PBXFileReference; lastKnownFileType = text.plist.xml; path = "zhuTheme-Info.plist"; sourceTree = "<group>"; };
		DD7D349D1596F65700F742ED /* en */ = {isa = PBXFileReference; lastKnownFileType = text.plist.strings; name = en; path = en.lproj/InfoPlist.strings; sourceTree = "<group>"; };
		DD7D349F1596F65700F742ED /* main.m */ = {isa = PBXFileReference; lastKnownFileType = sourcecode.c.objc; path = main.m; sourceTree = "<group>"; };
		DD7D34A11596F65700F742ED /* zhuTheme-Prefix.pch */ = {isa = PBXFileReference; lastKnownFileType = sourcecode.c.h; path = "zhuTheme-Prefix.pch"; sourceTree = "<group>"; };
		DD7D34B01596F65700F742ED /* zhuThemeTests.octest */ = {isa = PBXFileReference; explicitFileType = wrapper.cfbundle; includeInIndex = 0; path = zhuThemeTests.octest; sourceTree = BUILT_PRODUCTS_DIR; };
		DD7D34B11596F65700F742ED /* SenTestingKit.framework */ = {isa = PBXFileReference; lastKnownFileType = wrapper.framework; name = SenTestingKit.framework; path = Library/Frameworks/SenTestingKit.framework; sourceTree = DEVELOPER_DIR; };
		DD7D34B91596F65700F742ED /* zhuThemeTests-Info.plist */ = {isa = PBXFileReference; lastKnownFileType = text.plist.xml; path = "zhuThemeTests-Info.plist"; sourceTree = "<group>"; };
		DD7D34BB1596F65700F742ED /* en */ = {isa = PBXFileReference; lastKnownFileType = text.plist.strings; name = en; path = en.lproj/InfoPlist.strings; sourceTree = "<group>"; };
		DD7D34C91596F68200F742ED /* ZHUDef.h */ = {isa = PBXFileReference; fileEncoding = 4; lastKnownFileType = sourcecode.c.h; path = ZHUDef.h; sourceTree = "<group>"; };
		DD7D34CA1596F68200F742ED /* ZHUUIDef.h */ = {isa = PBXFileReference; fileEncoding = 4; lastKnownFileType = sourcecode.c.h; path = ZHUUIDef.h; sourceTree = "<group>"; };
		DD7D34CB1596F68200F742ED /* ZHUThemeMgr.h */ = {isa = PBXFileReference; fileEncoding = 4; lastKnownFileType = sourcecode.c.h; path = ZHUThemeMgr.h; sourceTree = "<group>"; };
		DD7D34CC1596F68200F742ED /* ZHUThemeMgr.m */ = {isa = PBXFileReference; fileEncoding = 4; lastKnownFileType = sourcecode.c.objc; path = ZHUThemeMgr.m; sourceTree = "<group>"; };
		DD7D34CD1596F68200F742ED /* ZHUConfigMgr.h */ = {isa = PBXFileReference; fileEncoding = 4; lastKnownFileType = sourcecode.c.h; path = ZHUConfigMgr.h; sourceTree = "<group>"; };
		DD7D34CE1596F68200F742ED /* ZHUConfigMgr.m */ = {isa = PBXFileReference; fileEncoding = 4; lastKnownFileType = sourcecode.c.objc; path = ZHUConfigMgr.m; sourceTree = "<group>"; };
		DD7D34D41596F6B400F742ED /* ZHUWindow.h */ = {isa = PBXFileReference; fileEncoding = 4; lastKnownFileType = sourcecode.c.h; path = ZHUWindow.h; sourceTree = "<group>"; };
		DD7D34D51596F6B400F742ED /* ZHUWindow.m */ = {isa = PBXFileReference; fileEncoding = 4; lastKnownFileType = sourcecode.c.objc; path = ZHUWindow.m; sourceTree = "<group>"; };
		DD7D34D61596F6B400F742ED /* ZHUToolBar.h */ = {isa = PBXFileReference; fileEncoding = 4; lastKnownFileType = sourcecode.c.h; path = ZHUToolBar.h; sourceTree = "<group>"; };
		DD7D34D71596F6B400F742ED /* ZHUToolBar.m */ = {isa = PBXFileReference; fileEncoding = 4; lastKnownFileType = sourcecode.c.objc; path = ZHUToolBar.m; sourceTree = "<group>"; };
		DD7D34DC1596F6DA00F742ED /* ZHUAppDelegate.h */ = {isa = PBXFileReference; fileEncoding = 4; lastKnownFileType = sourcecode.c.h; path = ZHUAppDelegate.h; sourceTree = "<group>"; };
		DD7D34DD1596F6DA00F742ED /* ZHUAppDelegate.m */ = {isa = PBXFileReference; fileEncoding = 4; lastKnownFileType = sourcecode.c.objc; path = ZHUAppDelegate.m; sourceTree = "<group>"; };
		DD7D34DE1596F6DA00F742ED /* ZHUViewController.h */ = {isa = PBXFileReference; fileEncoding = 4; lastKnownFileType = sourcecode.c.h; path = ZHUViewController.h; sourceTree = "<group>"; };
		DD7D34DF1596F6DA00F742ED /* ZHUViewController.m */ = {isa = PBXFileReference; fileEncoding = 4; lastKnownFileType = sourcecode.c.objc; path = ZHUViewController.m; sourceTree = "<group>"; };
		DD7D34E01596F6DA00F742ED /* ZHUViewController.xib */ = {isa = PBXFileReference; fileEncoding = 4; lastKnownFileType = file.xib; path = ZHUViewController.xib; sourceTree = "<group>"; };
		DD7D34E11596F6DA00F742ED /* ZHUTableViewController.h */ = {isa = PBXFileReference; fileEncoding = 4; lastKnownFileType = sourcecode.c.h; path = ZHUTableViewController.h; sourceTree = "<group>"; };
		DD7D34E21596F6DA00F742ED /* ZHUTableViewController.m */ = {isa = PBXFileReference; fileEncoding = 4; lastKnownFileType = sourcecode.c.objc; path = ZHUTableViewController.m; sourceTree = "<group>"; };
		DD7D34E31596F6DA00F742ED /* ZHUTableViewController.xib */ = {isa = PBXFileReference; fileEncoding = 4; lastKnownFileType = file.xib; path = ZHUTableViewController.xib; sourceTree = "<group>"; };
		DD7D34EE1596F6EC00F742ED /* themes.plist */ = {isa = PBXFileReference; fileEncoding = 4; lastKnownFileType = text.plist.xml; path = themes.plist; sourceTree = "<group>"; };
		DD7D38E51596F73C00F742ED /* Theme */ = {isa = PBXFileReference; lastKnownFileType = folder; path = Theme; sourceTree = "<group>"; };
		DD7D38E81596F7A600F742ED /* zhuTests.h */ = {isa = PBXFileReference; fileEncoding = 4; lastKnownFileType = sourcecode.c.h; path = zhuTests.h; sourceTree = "<group>"; };
		DD7D38E91596F7A600F742ED /* zhuTests.m */ = {isa = PBXFileReference; fileEncoding = 4; lastKnownFileType = sourcecode.c.objc; path = zhuTests.m; sourceTree = "<group>"; };
/* End PBXFileReference section */

/* Begin PBXFrameworksBuildPhase section */
		DD7D348C1596F65700F742ED /* Frameworks */ = {
			isa = PBXFrameworksBuildPhase;
			buildActionMask = 2147483647;
			files = (
				DD7D34941596F65700F742ED /* UIKit.framework in Frameworks */,
				DD7D34961596F65700F742ED /* Foundation.framework in Frameworks */,
				DD7D34981596F65700F742ED /* CoreGraphics.framework in Frameworks */,
			);
			runOnlyForDeploymentPostprocessing = 0;
		};
		DD7D34AC1596F65700F742ED /* Frameworks */ = {
			isa = PBXFrameworksBuildPhase;
			buildActionMask = 2147483647;
			files = (
				DD7D34B21596F65700F742ED /* SenTestingKit.framework in Frameworks */,
				DD7D34B31596F65700F742ED /* UIKit.framework in Frameworks */,
				DD7D34B41596F65700F742ED /* Foundation.framework in Frameworks */,
			);
			runOnlyForDeploymentPostprocessing = 0;
		};
/* End PBXFrameworksBuildPhase section */

/* Begin PBXGroup section */
		DD7D34841596F65700F742ED = {
			isa = PBXGroup;
			children = (
				DD7D34991596F65700F742ED /* zhuTheme */,
				DD7D34B71596F65700F742ED /* zhuThemeTests */,
				DD7D34921596F65700F742ED /* Frameworks */,
				DD7D34901596F65700F742ED /* Products */,
			);
			sourceTree = "<group>";
		};
		DD7D34901596F65700F742ED /* Products */ = {
			isa = PBXGroup;
			children = (
				DD7D348F1596F65700F742ED /* zhuTheme.app */,
				DD7D34B01596F65700F742ED /* zhuThemeTests.octest */,
			);
			name = Products;
			sourceTree = "<group>";
		};
		DD7D34921596F65700F742ED /* Frameworks */ = {
			isa = PBXGroup;
			children = (
				DD7D34931596F65700F742ED /* UIKit.framework */,
				DD7D34951596F65700F742ED /* Foundation.framework */,
				DD7D34971596F65700F742ED /* CoreGraphics.framework */,
				DD7D34B11596F65700F742ED /* SenTestingKit.framework */,
			);
			name = Frameworks;
			sourceTree = "<group>";
		};
		DD7D34991596F65700F742ED /* zhuTheme */ = {
			isa = PBXGroup;
			children = (
				DD7D34C81596F67000F742ED /* helper&definition */,
				DD7D34D31596F69E00F742ED /* customview */,
				DD7D34DC1596F6DA00F742ED /* ZHUAppDelegate.h */,
				DD7D34DD1596F6DA00F742ED /* ZHUAppDelegate.m */,
				DD7D34DE1596F6DA00F742ED /* ZHUViewController.h */,
				DD7D34DF1596F6DA00F742ED /* ZHUViewController.m */,
				DD7D34E01596F6DA00F742ED /* ZHUViewController.xib */,
				DD7D34E11596F6DA00F742ED /* ZHUTableViewController.h */,
				DD7D34E21596F6DA00F742ED /* ZHUTableViewController.m */,
				DD7D34E31596F6DA00F742ED /* ZHUTableViewController.xib */,
				DD7D349A1596F65700F742ED /* Supporting Files */,
			);
			path = zhuTheme;
			sourceTree = "<group>";
		};
		DD7D349A1596F65700F742ED /* Supporting Files */ = {
			isa = PBXGroup;
			children = (
				DD7D349B1596F65700F742ED /* zhuTheme-Info.plist */,
				DD7D349C1596F65700F742ED /* InfoPlist.strings */,
				DD7D349F1596F65700F742ED /* main.m */,
				DD7D34A11596F65700F742ED /* zhuTheme-Prefix.pch */,
				DD7D34EE1596F6EC00F742ED /* themes.plist */,
				DD7D38E51596F73C00F742ED /* Theme */,
			);
			name = "Supporting Files";
			sourceTree = "<group>";
		};
		DD7D34B71596F65700F742ED /* zhuThemeTests */ = {
			isa = PBXGroup;
			children = (
				DD7D38E81596F7A600F742ED /* zhuTests.h */,
				DD7D38E91596F7A600F742ED /* zhuTests.m */,
				DD7D34B81596F65700F742ED /* Supporting Files */,
			);
			path = zhuThemeTests;
			sourceTree = "<group>";
		};
		DD7D34B81596F65700F742ED /* Supporting Files */ = {
			isa = PBXGroup;
			children = (
				DD7D34B91596F65700F742ED /* zhuThemeTests-Info.plist */,
				DD7D34BA1596F65700F742ED /* InfoPlist.strings */,
			);
			name = "Supporting Files";
			sourceTree = "<group>";
		};
		DD7D34C81596F67000F742ED /* helper&definition */ = {
			isa = PBXGroup;
			children = (
				DD7D34C91596F68200F742ED /* ZHUDef.h */,
				DD7D34CA1596F68200F742ED /* ZHUUIDef.h */,
				DD7D34CB1596F68200F742ED /* ZHUThemeMgr.h */,
				DD7D34CC1596F68200F742ED /* ZHUThemeMgr.m */,
				DD7D34CD1596F68200F742ED /* ZHUConfigMgr.h */,
				DD7D34CE1596F68200F742ED /* ZHUConfigMgr.m */,
			);
			name = "helper&definition";
			sourceTree = "<group>";
		};
		DD7D34D31596F69E00F742ED /* customview */ = {
			isa = PBXGroup;
			children = (
				DD7D34D41596F6B400F742ED /* ZHUWindow.h */,
				DD7D34D51596F6B400F742ED /* ZHUWindow.m */,
				DD7D34D61596F6B400F742ED /* ZHUToolBar.h */,
				DD7D34D71596F6B400F742ED /* ZHUToolBar.m */,
			);
			name = customview;
			sourceTree = "<group>";
		};
/* End PBXGroup section */

/* Begin PBXNativeTarget section */
		DD7D348E1596F65700F742ED /* zhuTheme */ = {
			isa = PBXNativeTarget;
			buildConfigurationList = DD7D34C21596F65700F742ED /* Build configuration list for PBXNativeTarget "zhuTheme" */;
			buildPhases = (
				DD7D348B1596F65700F742ED /* Sources */,
				DD7D348C1596F65700F742ED /* Frameworks */,
				DD7D348D1596F65700F742ED /* Resources */,
			);
			buildRules = (
			);
			dependencies = (
			);
			name = zhuTheme;
			productName = zhuContact;
			productReference = DD7D348F1596F65700F742ED /* zhuTheme.app */;
			productType = "com.apple.product-type.application";
		};
		DD7D34AF1596F65700F742ED /* zhuThemeTests */ = {
			isa = PBXNativeTarget;
			buildConfigurationList = DD7D34C51596F65700F742ED /* Build configuration list for PBXNativeTarget "zhuThemeTests" */;
			buildPhases = (
				DD7D34AB1596F65700F742ED /* Sources */,
				DD7D34AC1596F65700F742ED /* Frameworks */,
				DD7D34AD1596F65700F742ED /* Resources */,
				DD7D34AE1596F65700F742ED /* ShellScript */,
			);
			buildRules = (
			);
			dependencies = (
				DD7D34B61596F65700F742ED /* PBXTargetDependency */,
			);
			name = zhuThemeTests;
			productName = zhuContactTests;
			productReference = DD7D34B01596F65700F742ED /* zhuThemeTests.octest */;
			productType = "com.apple.product-type.bundle";
		};
/* End PBXNativeTarget section */

/* Begin PBXProject section */
		DD7D34861596F65700F742ED /* Project object */ = {
			isa = PBXProject;
			attributes = {
				CLASSPREFIX = ZHU;
				LastUpgradeCheck = 0430;
			};
			buildConfigurationList = DD7D34891596F65700F742ED /* Build configuration list for PBXProject "zhuTheme" */;
			compatibilityVersion = "Xcode 3.2";
			developmentRegion = English;
			hasScannedForEncodings = 0;
			knownRegions = (
				en,
			);
			mainGroup = DD7D34841596F65700F742ED;
			productRefGroup = DD7D34901596F65700F742ED /* Products */;
			projectDirPath = "";
			projectRoot = "";
			targets = (
				DD7D348E1596F65700F742ED /* zhuTheme */,
				DD7D34AF1596F65700F742ED /* zhuThemeTests */,
			);
		};
/* End PBXProject section */

/* Begin PBXResourcesBuildPhase section */
		DD7D348D1596F65700F742ED /* Resources */ = {
			isa = PBXResourcesBuildPhase;
			buildActionMask = 2147483647;
			files = (
				DD7D349E1596F65700F742ED /* InfoPlist.strings in Resources */,
				DD7D34E81596F6DA00F742ED /* ZHUViewController.xib in Resources */,
				DD7D34EC1596F6DA00F742ED /* ZHUTableViewController.xib in Resources */,
				DD7D36451596F6ED00F742ED /* themes.plist in Resources */,
				DD7D38E61596F73C00F742ED /* Theme in Resources */,
			);
			runOnlyForDeploymentPostprocessing = 0;
		};
		DD7D34AD1596F65700F742ED /* Resources */ = {
			isa = PBXResourcesBuildPhase;
			buildActionMask = 2147483647;
			files = (
				DD7D34BC1596F65700F742ED /* InfoPlist.strings in Resources */,
				DD7D34E91596F6DA00F742ED /* ZHUViewController.xib in Resources */,
				DD7D34ED1596F6DA00F742ED /* ZHUTableViewController.xib in Resources */,
				DD7D36461596F6ED00F742ED /* themes.plist in Resources */,
				DD7D38E71596F73C00F742ED /* Theme in Resources */,
			);
			runOnlyForDeploymentPostprocessing = 0;
		};
/* End PBXResourcesBuildPhase section */

/* Begin PBXShellScriptBuildPhase section */
		DD7D34AE1596F65700F742ED /* ShellScript */ = {
			isa = PBXShellScriptBuildPhase;
			buildActionMask = 2147483647;
			files = (
			);
			inputPaths = (
			);
			outputPaths = (
			);
			runOnlyForDeploymentPostprocessing = 0;
			shellPath = /bin/sh;
			shellScript = "# Run the unit tests in this test bundle.\n\"${SYSTEM_DEVELOPER_DIR}/Tools/RunUnitTests\"\n";
		};
/* End PBXShellScriptBuildPhase section */

/* Begin PBXSourcesBuildPhase section */
		DD7D348B1596F65700F742ED /* Sources */ = {
			isa = PBXSourcesBuildPhase;
			buildActionMask = 2147483647;
			files = (
				DD7D34A01596F65700F742ED /* main.m in Sources */,
				DD7D34CF1596F68200F742ED /* ZHUThemeMgr.m in Sources */,
				DD7D34D11596F68200F742ED /* ZHUConfigMgr.m in Sources */,
				DD7D34D81596F6B400F742ED /* ZHUWindow.m in Sources */,
				DD7D34DA1596F6B400F742ED /* ZHUToolBar.m in Sources */,
				DD7D34E41596F6DA00F742ED /* ZHUAppDelegate.m in Sources */,
				DD7D34E61596F6DA00F742ED /* ZHUViewController.m in Sources */,
				DD7D34EA1596F6DA00F742ED /* ZHUTableViewController.m in Sources */,
			);
			runOnlyForDeploymentPostprocessing = 0;
		};
		DD7D34AB1596F65700F742ED /* Sources */ = {
			isa = PBXSourcesBuildPhase;
			buildActionMask = 2147483647;
			files = (
				DD7D34D01596F68200F742ED /* ZHUThemeMgr.m in Sources */,
				DD7D34D21596F68200F742ED /* ZHUConfigMgr.m in Sources */,
				DD7D34D91596F6B400F742ED /* ZHUWindow.m in Sources */,
				DD7D34DB1596F6B400F742ED /* ZHUToolBar.m in Sources */,
				DD7D34E51596F6DA00F742ED /* ZHUAppDelegate.m in Sources */,
				DD7D34E71596F6DA00F742ED /* ZHUViewController.m in Sources */,
				DD7D34EB1596F6DA00F742ED /* ZHUTableViewController.m in Sources */,
				DD7D38EA1596F7A600F742ED /* zhuTests.m in Sources */,
			);
			runOnlyForDeploymentPostprocessing = 0;
		};
/* End PBXSourcesBuildPhase section */

/* Begin PBXTargetDependency section */
		DD7D34B61596F65700F742ED /* PBXTargetDependency */ = {
			isa = PBXTargetDependency;
			target = DD7D348E1596F65700F742ED /* zhuTheme */;
			targetProxy = DD7D34B51596F65700F742ED /* PBXContainerItemProxy */;
		};
/* End PBXTargetDependency section */

/* Begin PBXVariantGroup section */
		DD7D349C1596F65700F742ED /* InfoPlist.strings */ = {
			isa = PBXVariantGroup;
			children = (
				DD7D349D1596F65700F742ED /* en */,
			);
			name = InfoPlist.strings;
			sourceTree = "<group>";
		};
		DD7D34BA1596F65700F742ED /* InfoPlist.strings */ = {
			isa = PBXVariantGroup;
			children = (
				DD7D34BB1596F65700F742ED /* en */,
			);
			name = InfoPlist.strings;
			sourceTree = "<group>";
		};
/* End PBXVariantGroup section */

/* Begin XCBuildConfiguration section */
		DD7D34C01596F65700F742ED /* Debug */ = {
			isa = XCBuildConfiguration;
			buildSettings = {
				ALWAYS_SEARCH_USER_PATHS = NO;
				ARCHS = "$(ARCHS_STANDARD_32_BIT)";
				"CODE_SIGN_IDENTITY[sdk=iphoneos*]" = "iPhone Developer";
				COPY_PHASE_STRIP = NO;
				GCC_C_LANGUAGE_STANDARD = gnu99;
				GCC_DYNAMIC_NO_PIC = NO;
				GCC_OPTIMIZATION_LEVEL = 0;
				GCC_PREPROCESSOR_DEFINITIONS = (
					"DEBUG=1",
					"$(inherited)",
				);
				GCC_SYMBOLS_PRIVATE_EXTERN = NO;
				GCC_VERSION = com.apple.compilers.llvm.clang.1_0;
				GCC_WARN_ABOUT_RETURN_TYPE = YES;
				GCC_WARN_UNINITIALIZED_AUTOS = YES;
				GCC_WARN_UNUSED_VARIABLE = YES;
				IPHONEOS_DEPLOYMENT_TARGET = 5.1;
				SDKROOT = iphoneos;
			};
			name = Debug;
		};
		DD7D34C11596F65700F742ED /* Release */ = {
			isa = XCBuildConfiguration;
			buildSettings = {
				ALWAYS_SEARCH_USER_PATHS = NO;
				ARCHS = "$(ARCHS_STANDARD_32_BIT)";
				"CODE_SIGN_IDENTITY[sdk=iphoneos*]" = "iPhone Developer";
				COPY_PHASE_STRIP = YES;
				GCC_C_LANGUAGE_STANDARD = gnu99;
				GCC_VERSION = com.apple.compilers.llvm.clang.1_0;
				GCC_WARN_ABOUT_RETURN_TYPE = YES;
				GCC_WARN_UNINITIALIZED_AUTOS = YES;
				GCC_WARN_UNUSED_VARIABLE = YES;
				IPHONEOS_DEPLOYMENT_TARGET = 5.1;
				OTHER_CFLAGS = "-DNS_BLOCK_ASSERTIONS=1";
				SDKROOT = iphoneos;
				VALIDATE_PRODUCT = YES;
			};
			name = Release;
		};
		DD7D34C31596F65700F742ED /* Debug */ = {
			isa = XCBuildConfiguration;
			buildSettings = {
				GCC_PRECOMPILE_PREFIX_HEADER = YES;
				GCC_PREFIX_HEADER = "zhuTheme/zhuTheme-Prefix.pch";
				INFOPLIST_FILE = "zhuTheme/zhuTheme-Info.plist";
				PRODUCT_NAME = zhuTheme;
				WRAPPER_EXTENSION = app;
			};
			name = Debug;
		};
		DD7D34C41596F65700F742ED /* Release */ = {
			isa = XCBuildConfiguration;
			buildSettings = {
				GCC_PRECOMPILE_PREFIX_HEADER = YES;
				GCC_PREFIX_HEADER = "zhuTheme/zhuTheme-Prefix.pch";
				INFOPLIST_FILE = "zhuTheme/zhuTheme-Info.plist";
				PRODUCT_NAME = zhuTheme;
				WRAPPER_EXTENSION = app;
			};
			name = Release;
		};
		DD7D34C61596F65700F742ED /* Debug */ = {
			isa = XCBuildConfiguration;
			buildSettings = {
				BUNDLE_LOADER = "$(BUILT_PRODUCTS_DIR)/zhuTheme.app/zhuTheme";
				FRAMEWORK_SEARCH_PATHS = (
					"$(SDKROOT)/Developer/Library/Frameworks",
					"$(DEVELOPER_LIBRARY_DIR)/Frameworks",
				);
				GCC_PRECOMPILE_PREFIX_HEADER = YES;
				GCC_PREFIX_HEADER = "zhuTheme/zhuTheme-Prefix.pch";
				INFOPLIST_FILE = "zhuThemeTests/zhuThemeTests-Info.plist";
				PRODUCT_NAME = zhuThemeTests;
				TEST_HOST = "$(BUNDLE_LOADER)";
				WRAPPER_EXTENSION = octest;
			};
			name = Debug;
		};
		DD7D34C71596F65700F742ED /* Release */ = {
			isa = XCBuildConfiguration;
			buildSettings = {
				BUNDLE_LOADER = "$(BUILT_PRODUCTS_DIR)/zhuTheme.app/zhuTheme";
				FRAMEWORK_SEARCH_PATHS = (
					"$(SDKROOT)/Developer/Library/Frameworks",
					"$(DEVELOPER_LIBRARY_DIR)/Frameworks",
				);
				GCC_PRECOMPILE_PREFIX_HEADER = YES;
				GCC_PREFIX_HEADER = "zhuTheme/zhuTheme-Prefix.pch";
				INFOPLIST_FILE = "zhuThemeTests/zhuThemeTests-Info.plist";
				PRODUCT_NAME = zhuThemeTests;
				TEST_HOST = "$(BUNDLE_LOADER)";
				WRAPPER_EXTENSION = octest;
			};
			name = Release;
		};
/* End XCBuildConfiguration section */

/* Begin XCConfigurationList section */
		DD7D34891596F65700F742ED /* Build configuration list for PBXProject "zhuTheme" */ = {
			isa = XCConfigurationList;
			buildConfigurations = (
				DD7D34C01596F65700F742ED /* Debug */,
				DD7D34C11596F65700F742ED /* Release */,
			);
			defaultConfigurationIsVisible = 0;
			defaultConfigurationName = Release;
		};
		DD7D34C21596F65700F742ED /* Build configuration list for PBXNativeTarget "zhuTheme" */ = {
			isa = XCConfigurationList;
			buildConfigurations = (
				DD7D34C31596F65700F742ED /* Debug */,
				DD7D34C41596F65700F742ED /* Release */,
			);
			defaultConfigurationIsVisible = 0;
			defaultConfigurationName = Release;
		};
		DD7D34C51596F65700F742ED /* Build configuration list for PBXNativeTarget "zhuThemeTests" */ = {
			isa = XCConfigurationList;
			buildConfigurations = (
				DD7D34C61596F65700F742ED /* Debug */,
				DD7D34C71596F65700F742ED /* Release */,
			);
			defaultConfigurationIsVisible = 0;
			defaultConfigurationName = Release;
		};
/* End XCConfigurationList section */
	};
	rootObject = DD7D34861596F65700F742ED /* Project object */;
}
